
Microsoft Visual Studio Solution File, Format Version 12.00
# Visual Studio Version 17
VisualStudioVersion = 17.6.33712.159
MinimumVisualStudioVersion = 10.0.40219.1
Project("{9A19103F-16F7-4668-BE54-9A1E7A4F7556}") = "CRM-API", "CRM-API\CRM-API.csproj", "{C346D2E7-8291-4A47-9D48-E31035688DF4}"
EndProject
Project("{9A19103F-16F7-4668-BE54-9A1E7A4F7556}") = "CRM-DataAccess", "CRM-DataAccess\CRM-DataAccess.csproj", "{1F060C25-E820-46E2-BA6B-71A7722F3D95}"
EndProject
Project("{FAE04EC0-301F-11D3-BF4B-00C04F79EFBC}") = "CRM-Common", "CRM-Common\CRM-Common.csproj", "{DF97A854-5E4F-40C3-87FC-7B6D6F3E4FB7}"
EndProject
Project("{FAE04EC0-301F-11D3-BF4B-00C04F79EFBC}") = "CRM_API", "..\CRM_API\CRM_API.csproj", "{A82276F4-E5E1-4721-B77D-B81004F8D748}"
EndProject
Global
	GlobalSection(SolutionConfigurationPlatforms) = preSolution
		Debug|Any CPU = Debug|Any CPU
		Release|Any CPU = Release|Any CPU
	EndGlobalSection
	GlobalSection(ProjectConfigurationPlatforms) = postSolution
		{C346D2E7-8291-4A47-9D48-E31035688DF4}.Debug|Any CPU.ActiveCfg = Debug|Any CPU
		{C346D2E7-8291-4A47-9D48-E31035688DF4}.Debug|Any CPU.Build.0 = Debug|Any CPU
		{C346D2E7-8291-4A47-9D48-E31035688DF4}.Release|Any CPU.ActiveCfg = Release|Any CPU
		{C346D2E7-8291-4A47-9D48-E31035688DF4}.Release|Any CPU.Build.0 = Release|Any CPU
		{1F060C25-E820-46E2-BA6B-71A7722F3D95}.Debug|Any CPU.ActiveCfg = Debug|Any CPU
		{1F060C25-E820-46E2-BA6B-71A7722F3D95}.Debug|Any CPU.Build.0 = Debug|Any CPU
		{1F060C25-E820-46E2-BA6B-71A7722F3D95}.Release|Any CPU.ActiveCfg = Release|Any CPU
		{1F060C25-E820-46E2-BA6B-71A7722F3D95}.Release|Any CPU.Build.0 = Release|Any CPU
		{DF97A854-5E4F-40C3-87FC-7B6D6F3E4FB7}.Debug|Any CPU.ActiveCfg = Debug|Any CPU
		{DF97A854-5E4F-40C3-87FC-7B6D6F3E4FB7}.Debug|Any CPU.Build.0 = Debug|Any CPU
		{DF97A854-5E4F-40C3-87FC-7B6D6F3E4FB7}.Release|Any CPU.ActiveCfg = Release|Any CPU
		{DF97A854-5E4F-40C3-87FC-7B6D6F3E4FB7}.Release|Any CPU.Build.0 = Release|Any CPU
		{A82276F4-E5E1-4721-B77D-B81004F8D748}.Debug|Any CPU.ActiveCfg = Debug|Any CPU
		{A82276F4-E5E1-4721-B77D-B81004F8D748}.Debug|Any CPU.Build.0 = Debug|Any CPU
		{A82276F4-E5E1-4721-B77D-B81004F8D748}.Release|Any CPU.ActiveCfg = Release|Any CPU
		{A82276F4-E5E1-4721-B77D-B81004F8D748}.Release|Any CPU.Build.0 = Release|Any CPU
	EndGlobalSection
	GlobalSection(SolutionProperties) = preSolution
		HideSolutionNode = FALSE
	EndGlobalSection
	GlobalSection(ExtensibilityGlobals) = postSolution
		SolutionGuid = {AA17A0F4-CDC7-42D5-A20B-9772D2EC6310}
	EndGlobalSection
EndGlobal
