
Microsoft Visual Studio Solution File, Format Version 12.00
# Visual Studio Version 17
VisualStudioVersion = 17.6.33712.159
MinimumVisualStudioVersion = 10.0.40219.1
Project("{FAE04EC0-301F-11D3-BF4B-00C04F79EFBC}") = "CRM-API", "CRM-API\CRM-API.csproj", "{C346D2E7-8291-4A47-9D48-E31035688DF4}"
EndProject
Global
	GlobalSection(SolutionConfigurationPlatforms) = preSolution
		Debug|Any CPU = Debug|Any CPU
		Release|Any CPU = Release|Any CPU
	EndGlobalSection
	GlobalSection(ProjectConfigurationPlatforms) = postSolution
		{C346D2E7-8291-4A47-9D48-E31035688DF4}.Debug|Any CPU.ActiveCfg = Debug|Any CPU
		{C346D2E7-8291-4A47-9D48-E31035688DF4}.Debug|Any CPU.Build.0 = Debug|Any CPU
		{C346D2E7-8291-4A47-9D48-E31035688DF4}.Release|Any CPU.ActiveCfg = Release|Any CPU
		{C346D2E7-8291-4A47-9D48-E31035688DF4}.Release|Any CPU.Build.0 = Release|Any CPU
	EndGlobalSection
	GlobalSection(SolutionProperties) = preSolution
		HideSolutionNode = FALSE
	EndGlobalSection
	GlobalSection(ExtensibilityGlobals) = postSolution
		SolutionGuid = {AA17A0F4-CDC7-42D5-A20B-9772D2EC6310}
	EndGlobalSection
EndGlobal
